
Microsoft Visual Studio Solution File, Format Version 12.00
# Visual Studio Version 17
VisualStudioVersion = 17.4.33122.133
MinimumVisualStudioVersion = 10.0.40219.1
Project("{FAE04EC0-301F-11D3-BF4B-00C04F79EFBC}") = "EmployeeDashboard", "EmployeeDashboard.csproj", "{16A9F949-1806-4846-9A40-7B5694906F8E}"
EndProject
Global
	GlobalSection(SolutionConfigurationPlatforms) = preSolution
		Debug|Any CPU = Debug|Any CPU
		Release|Any CPU = Release|Any CPU
	EndGlobalSection
	GlobalSection(ProjectConfigurationPlatforms) = postSolution
		{16A9F949-1806-4846-9A40-7B5694906F8E}.Debug|Any CPU.ActiveCfg = Debug|Any CPU
		{16A9F949-1806-4846-9A40-7B5694906F8E}.Debug|Any CPU.Build.0 = Debug|Any CPU
		{16A9F949-1806-4846-9A40-7B5694906F8E}.Release|Any CPU.ActiveCfg = Release|Any CPU
		{16A9F949-1806-4846-9A40-7B5694906F8E}.Release|Any CPU.Build.0 = Release|Any CPU
	EndGlobalSection
	GlobalSection(SolutionProperties) = preSolution
		HideSolutionNode = FALSE
	EndGlobalSection
	GlobalSection(ExtensibilityGlobals) = postSolution
		SolutionGuid = {AA5D61E2-B7F5-4BBE-969A-89251E973358}
	EndGlobalSection
EndGlobal
